
Microsoft Visual Studio Solution File, Format Version 12.00
# Visual Studio 15
VisualStudioVersion = 15.0.28010.2003
MinimumVisualStudioVersion = 10.0.40219.1
Project("{FAE04EC0-301F-11D3-BF4B-00C04F79EFBC}") = "Dapper_Demo", "Dapper_Demo\Dapper_Demo.csproj", "{B919E580-EDE2-42FC-9D41-5C81CE474E95}"
EndProject
Global
	GlobalSection(SolutionConfigurationPlatforms) = preSolution
		Debug|Any CPU = Debug|Any CPU
		Release|Any CPU = Release|Any CPU
	EndGlobalSection
	GlobalSection(ProjectConfigurationPlatforms) = postSolution
		{B919E580-EDE2-42FC-9D41-5C81CE474E95}.Debug|Any CPU.ActiveCfg = Debug|Any CPU
		{B919E580-EDE2-42FC-9D41-5C81CE474E95}.Debug|Any CPU.Build.0 = Debug|Any CPU
		{B919E580-EDE2-42FC-9D41-5C81CE474E95}.Release|Any CPU.ActiveCfg = Release|Any CPU
		{B919E580-EDE2-42FC-9D41-5C81CE474E95}.Release|Any CPU.Build.0 = Release|Any CPU
	EndGlobalSection
	GlobalSection(SolutionProperties) = preSolution
		HideSolutionNode = FALSE
	EndGlobalSection
	GlobalSection(ExtensibilityGlobals) = postSolution
		SolutionGuid = {184CEDCE-DF4D-4F62-BD5F-23E66AF84670}
	EndGlobalSection
EndGlobal
